
Microsoft Visual Studio Solution File, Format Version 12.00
# Visual Studio Version 17
VisualStudioVersion = 17.14.37111.16
MinimumVisualStudioVersion = 10.0.40219.1
Project("{FAE04EC0-301F-11D3-BF4B-00C04F79EFBC}") = "CheckSalary", "CheckSalary\CheckSalary.csproj", "{30BD55A5-A6F1-48EB-9229-E73A922B606C}"
EndProject
Project("{FAE04EC0-301F-11D3-BF4B-00C04F79EFBC}") = "CheckSalary.Domain", "CheckSalary.Domain\CheckSalary.Domain.csproj", "{D0472433-26E0-48AC-A4F9-1686C88AD498}"
EndProject
Project("{FAE04EC0-301F-11D3-BF4B-00C04F79EFBC}") = "CheckSalary.Application", "CheckSalary.Application\CheckSalary.Application.csproj", "{086B15A7-29A2-4B9A-9109-9917D2FCA08B}"
EndProject
Project("{FAE04EC0-301F-11D3-BF4B-00C04F79EFBC}") = "CheckSalary.Infrastructure", "CheckSalary.Infrastructure\CheckSalary.Infrastructure.csproj", "{C0300957-C499-4498-BFED-8E1853564E3B}"
EndProject
Project("{FAE04EC0-301F-11D3-BF4B-00C04F79EFBC}") = "CheckSalary.Tests", "CheckSalary.Tests\CheckSalary.Tests.csproj", "{42BFB469-3A0A-442F-BDFC-423827F3C6E2}"
EndProject
Global
	GlobalSection(SolutionConfigurationPlatforms) = preSolution
		Debug|Any CPU = Debug|Any CPU
		Debug|x64 = Debug|x64
		Debug|x86 = Debug|x86
		Release|Any CPU = Release|Any CPU
		Release|x64 = Release|x64
		Release|x86 = Release|x86
	EndGlobalSection
	GlobalSection(ProjectConfigurationPlatforms) = postSolution
		{30BD55A5-A6F1-48EB-9229-E73A922B606C}.Debug|Any CPU.ActiveCfg = Debug|Any CPU
		{30BD55A5-A6F1-48EB-9229-E73A922B606C}.Debug|Any CPU.Build.0 = Debug|Any CPU
		{30BD55A5-A6F1-48EB-9229-E73A922B606C}.Debug|x64.ActiveCfg = Debug|Any CPU
		{30BD55A5-A6F1-48EB-9229-E73A922B606C}.Debug|x64.Build.0 = Debug|Any CPU
		{30BD55A5-A6F1-48EB-9229-E73A922B606C}.Debug|x86.ActiveCfg = Debug|Any CPU
		{30BD55A5-A6F1-48EB-9229-E73A922B606C}.Debug|x86.Build.0 = Debug|Any CPU
		{30BD55A5-A6F1-48EB-9229-E73A922B606C}.Release|Any CPU.ActiveCfg = Release|Any CPU
		{30BD55A5-A6F1-48EB-9229-E73A922B606C}.Release|Any CPU.Build.0 = Release|Any CPU
		{30BD55A5-A6F1-48EB-9229-E73A922B606C}.Release|x64.ActiveCfg = Release|Any CPU
		{30BD55A5-A6F1-48EB-9229-E73A922B606C}.Release|x64.Build.0 = Release|Any CPU
		{30BD55A5-A6F1-48EB-9229-E73A922B606C}.Release|x86.ActiveCfg = Release|Any CPU
		{30BD55A5-A6F1-48EB-9229-E73A922B606C}.Release|x86.Build.0 = Release|Any CPU
		{D0472433-26E0-48AC-A4F9-1686C88AD498}.Debug|Any CPU.ActiveCfg = Debug|Any CPU
		{D0472433-26E0-48AC-A4F9-1686C88AD498}.Debug|Any CPU.Build.0 = Debug|Any CPU
		{D0472433-26E0-48AC-A4F9-1686C88AD498}.Debug|x64.ActiveCfg = Debug|Any CPU
		{D0472433-26E0-48AC-A4F9-1686C88AD498}.Debug|x64.Build.0 = Debug|Any CPU
		{D0472433-26E0-48AC-A4F9-1686C88AD498}.Debug|x86.ActiveCfg = Debug|Any CPU
		{D0472433-26E0-48AC-A4F9-1686C88AD498}.Debug|x86.Build.0 = Debug|Any CPU
		{D0472433-26E0-48AC-A4F9-1686C88AD498}.Release|Any CPU.ActiveCfg = Release|Any CPU
		{D0472433-26E0-48AC-A4F9-1686C88AD498}.Release|Any CPU.Build.0 = Release|Any CPU
		{D0472433-26E0-48AC-A4F9-1686C88AD498}.Release|x64.ActiveCfg = Release|Any CPU
		{D0472433-26E0-48AC-A4F9-1686C88AD498}.Release|x64.Build.0 = Release|Any CPU
		{D0472433-26E0-48AC-A4F9-1686C88AD498}.Release|x86.ActiveCfg = Release|Any CPU
		{D0472433-26E0-48AC-A4F9-1686C88AD498}.Release|x86.Build.0 = Release|Any CPU
		{086B15A7-29A2-4B9A-9109-9917D2FCA08B}.Debug|Any CPU.ActiveCfg = Debug|Any CPU
		{086B15A7-29A2-4B9A-9109-9917D2FCA08B}.Debug|Any CPU.Build.0 = Debug|Any CPU
		{086B15A7-29A2-4B9A-9109-9917D2FCA08B}.Debug|x64.ActiveCfg = Debug|Any CPU
		{086B15A7-29A2-4B9A-9109-9917D2FCA08B}.Debug|x64.Build.0 = Debug|Any CPU
		{086B15A7-29A2-4B9A-9109-9917D2FCA08B}.Debug|x86.ActiveCfg = Debug|Any CPU
		{086B15A7-29A2-4B9A-9109-9917D2FCA08B}.Debug|x86.Build.0 = Debug|Any CPU
		{086B15A7-29A2-4B9A-9109-9917D2FCA08B}.Release|Any CPU.ActiveCfg = Release|Any CPU
		{086B15A7-29A2-4B9A-9109-9917D2FCA08B}.Release|Any CPU.Build.0 = Release|Any CPU
		{086B15A7-29A2-4B9A-9109-9917D2FCA08B}.Release|x64.ActiveCfg = Release|Any CPU
		{086B15A7-29A2-4B9A-9109-9917D2FCA08B}.Release|x64.Build.0 = Release|Any CPU
		{086B15A7-29A2-4B9A-9109-9917D2FCA08B}.Release|x86.ActiveCfg = Release|Any CPU
		{086B15A7-29A2-4B9A-9109-9917D2FCA08B}.Release|x86.Build.0 = Release|Any CPU
		{C0300957-C499-4498-BFED-8E1853564E3B}.Debug|Any CPU.ActiveCfg = Debug|Any CPU
		{C0300957-C499-4498-BFED-8E1853564E3B}.Debug|Any CPU.Build.0 = Debug|Any CPU
		{C0300957-C499-4498-BFED-8E1853564E3B}.Debug|x64.ActiveCfg = Debug|Any CPU
		{C0300957-C499-4498-BFED-8E1853564E3B}.Debug|x64.Build.0 = Debug|Any CPU
		{C0300957-C499-4498-BFED-8E1853564E3B}.Debug|x86.ActiveCfg = Debug|Any CPU
		{C0300957-C499-4498-BFED-8E1853564E3B}.Debug|x86.Build.0 = Debug|Any CPU
		{C0300957-C499-4498-BFED-8E1853564E3B}.Release|Any CPU.ActiveCfg = Release|Any CPU
		{C0300957-C499-4498-BFED-8E1853564E3B}.Release|Any CPU.Build.0 = Release|Any CPU
		{C0300957-C499-4498-BFED-8E1853564E3B}.Release|x64.ActiveCfg = Release|Any CPU
		{C0300957-C499-4498-BFED-8E1853564E3B}.Release|x64.Build.0 = Release|Any CPU
		{C0300957-C499-4498-BFED-8E1853564E3B}.Release|x86.ActiveCfg = Release|Any CPU
		{C0300957-C499-4498-BFED-8E1853564E3B}.Release|x86.Build.0 = Release|Any CPU
		{42BFB469-3A0A-442F-BDFC-423827F3C6E2}.Debug|Any CPU.ActiveCfg = Debug|Any CPU
		{42BFB469-3A0A-442F-BDFC-423827F3C6E2}.Debug|Any CPU.Build.0 = Debug|Any CPU
		{42BFB469-3A0A-442F-BDFC-423827F3C6E2}.Debug|x64.ActiveCfg = Debug|Any CPU
		{42BFB469-3A0A-442F-BDFC-423827F3C6E2}.Debug|x64.Build.0 = Debug|Any CPU
		{42BFB469-3A0A-442F-BDFC-423827F3C6E2}.Debug|x86.ActiveCfg = Debug|Any CPU
		{42BFB469-3A0A-442F-BDFC-423827F3C6E2}.Debug|x86.Build.0 = Debug|Any CPU
		{42BFB469-3A0A-442F-BDFC-423827F3C6E2}.Release|Any CPU.ActiveCfg = Release|Any CPU
		{42BFB469-3A0A-442F-BDFC-423827F3C6E2}.Release|Any CPU.Build.0 = Release|Any CPU
		{42BFB469-3A0A-442F-BDFC-423827F3C6E2}.Release|x64.ActiveCfg = Release|Any CPU
		{42BFB469-3A0A-442F-BDFC-423827F3C6E2}.Release|x64.Build.0 = Release|Any CPU
		{42BFB469-3A0A-442F-BDFC-423827F3C6E2}.Release|x86.ActiveCfg = Release|Any CPU
		{42BFB469-3A0A-442F-BDFC-423827F3C6E2}.Release|x86.Build.0 = Release|Any CPU
	EndGlobalSection
	GlobalSection(SolutionProperties) = preSolution
		HideSolutionNode = FALSE
	EndGlobalSection
	GlobalSection(ExtensibilityGlobals) = postSolution
		SolutionGuid = {8E4F0BF2-3395-462D-A42B-5D29713C25D6}
	EndGlobalSection
EndGlobal
